{
  "originHash" : "1b1cab8834e7afb94565e5280644d740e24068c129fd302912cc7c4ba4530377",
  "pins" : [
    {
      "identity" : "appupdater",
      "kind" : "remoteSourceControl",
      "location" : "https://github.com/s1ntoneli/AppUpdater.git",
      "state" : {
        "revision" : "1991264a4045dd974217f4ca321a2480db9092d3",
        "version" : "0.2.0"
      }
    },
    {
      "identity" : "networkimage",
      "kind" : "remoteSourceControl",
      "location" : "https://github.com/gonzalezreal/NetworkImage",
      "state" : {
        "revision" : "2849f5323265386e200484b0d0f896e73c3411b9",
        "version" : "6.0.1"
      }
    },
    {
      "identity" : "path.swift",
      "kind" : "remoteSourceControl",
      "location" : "https://github.com/mxcl/Path.swift.git",
      "state" : {
        "revision" : "8e355c28e9393c42e58b18c54cace2c42c98a616",
        "version" : "1.4.1"
      }
    },
    {
      "identity" : "swift-cmark",
      "kind" : "remoteSourceControl",
      "location" : "https://github.com/swiftlang/swift-cmark",
      "state" : {
        "revision" : "5d9bdaa4228b381639fff09403e39a04926e2dbe",
        "version" : "0.7.1"
      }
    },
    {
      "identity" : "swift-markdown-ui",
      "kind" : "remoteSourceControl",
      "location" : "https://github.com/gonzalezreal/swift-markdown-ui.git",
      "state" : {
        "revision" : "5f613358148239d0292c0cef674a3c2314737f9e",
        "version" : "2.4.1"
      }
    },
    {
      "identity" : "version",
      "kind" : "remoteSourceControl",
      "location" : "https://github.com/mxcl/Version.git",
      "state" : {
        "revision" : "67ce582bb9de70e1eb2ee41fd71aad3b5f86d97b",
        "version" : "2.2.0"
      }
    }
  ],
  "version" : 3
}
